{
  "name": "react-course",
  "lockfileVersion": 3,
  "requires": true,
  "packages": {
    "": {
      "dependencies": {
        "supersimpledev": "^8.4.0"
      }
    },
    "node_modules/supersimpledev": {
      "version": "8.4.0",
      "resolved": "https://registry.npmjs.org/supersimpledev/-/supersimpledev-8.4.0.tgz",
      "integrity": "sha512-4UYcrnmN3TPot1YY4VYd5VErj5DDPfNKFlH2dEJm9jg6MgDBz5VgtZb7xLJeGFoAfD7AbDq3c3u7cVN3j45Y2w==",
      "license": "MIT",
      "bin": {
        "supersimpledev": "bin/supersimpledev.js"
      }
    }
  }
}
